version = 1
revision = 3
requires-python = ">=3.11"

[[package]]
name = "crypto-strategies"
version = "0.4.11"
source = { editable = "." }
dependencies = [
    { name = "quant-platform-kit" },
]

[package.metadata]
requires-dist = [{ name = "quant-platform-kit", git = "https://github.com/QuantStrategyLab/QuantPlatformKit.git?rev=dd7d82b19ad86c36758ea3d766b4d84eebe2d83e" }]

[[package]]
name = "quant-platform-kit"
version = "0.10.0"
source = { git = "https://github.com/QuantStrategyLab/QuantPlatformKit.git?rev=dd7d82b19ad86c36758ea3d766b4d84eebe2d83e#dd7d82b19ad86c36758ea3d766b4d84eebe2d83e" }
