version = 1
revision = 3
requires-python = ">=3.11"

[[package]]
name = "crypto-strategies"
version = "0.4.11"
source = { editable = "." }
dependencies = [
    { name = "quant-platform-kit" },
]

[package.metadata]
requires-dist = [{ name = "quant-platform-kit", git = "https://github.com/QuantStrategyLab/QuantPlatformKit.git?rev=6b887d9954eb656141597eac077ca22053a525ef" }]

[[package]]
name = "quant-platform-kit"
version = "0.10.0"
source = { git = "https://github.com/QuantStrategyLab/QuantPlatformKit.git?rev=6b887d9954eb656141597eac077ca22053a525ef#6b887d9954eb656141597eac077ca22053a525ef" }
