version = 1
revision = 3
requires-python = ">=3.11"

[[package]]
name = "crypto-strategies"
version = "0.4.11"
source = { editable = "." }
dependencies = [
    { name = "quant-platform-kit" },
]

[package.metadata]
requires-dist = [{ name = "quant-platform-kit", git = "https://github.com/QuantStrategyLab/QuantPlatformKit.git?rev=acc33dd92b979a58a3f40da0fb7b136de8d34785" }]

[[package]]
name = "quant-platform-kit"
version = "0.10.0"
source = { git = "https://github.com/QuantStrategyLab/QuantPlatformKit.git?rev=acc33dd92b979a58a3f40da0fb7b136de8d34785#acc33dd92b979a58a3f40da0fb7b136de8d34785" }
